
Microsoft Visual Studio Solution File, Format Version 12.00
# Visual Studio Version 17
VisualStudioVersion = 17.14.36127.28 d17.14
MinimumVisualStudioVersion = 10.0.40219.1
Project("{FAE04EC0-301F-11D3-BF4B-00C04F79EFBC}") = "KrispDownloader", "KrispDownloader\KrispDownloader.csproj", "{FFCAF1CD-E65A-479B-ADB9-A5439DD0B066}"
EndProject
Global
	GlobalSection(SolutionConfigurationPlatforms) = preSolution
		Debug|Any CPU = Debug|Any CPU
		Release|Any CPU = Release|Any CPU
	EndGlobalSection
	GlobalSection(ProjectConfigurationPlatforms) = postSolution
		{FFCAF1CD-E65A-479B-ADB9-A5439DD0B066}.Debug|Any CPU.ActiveCfg = Debug|Any CPU
		{FFCAF1CD-E65A-479B-ADB9-A5439DD0B066}.Debug|Any CPU.Build.0 = Debug|Any CPU
		{FFCAF1CD-E65A-479B-ADB9-A5439DD0B066}.Release|Any CPU.ActiveCfg = Release|Any CPU
		{FFCAF1CD-E65A-479B-ADB9-A5439DD0B066}.Release|Any CPU.Build.0 = Release|Any CPU
	EndGlobalSection
	GlobalSection(SolutionProperties) = preSolution
		HideSolutionNode = FALSE
	EndGlobalSection
	GlobalSection(ExtensibilityGlobals) = postSolution
		SolutionGuid = {38765C1D-B4CE-439A-94AC-11897B634F59}
	EndGlobalSection
EndGlobal
